
Microsoft Visual Studio Solution File, Format Version 12.00
# Visual Studio Version 17
VisualStudioVersion = 17.11.35222.181
MinimumVisualStudioVersion = 10.0.40219.1
Project("{FAE04EC0-301F-11D3-BF4B-00C04F79EFBC}") = "CareerProject", "CareerProject\CareerProject.csproj", "{9ADD7197-D331-4DB7-B74D-5A62C4AB2626}"
EndProject
Global
	GlobalSection(SolutionConfigurationPlatforms) = preSolution
		Debug|Any CPU = Debug|Any CPU
		Release|Any CPU = Release|Any CPU
	EndGlobalSection
	GlobalSection(ProjectConfigurationPlatforms) = postSolution
		{9ADD7197-D331-4DB7-B74D-5A62C4AB2626}.Debug|Any CPU.ActiveCfg = Debug|Any CPU
		{9ADD7197-D331-4DB7-B74D-5A62C4AB2626}.Debug|Any CPU.Build.0 = Debug|Any CPU
		{9ADD7197-D331-4DB7-B74D-5A62C4AB2626}.Release|Any CPU.ActiveCfg = Release|Any CPU
		{9ADD7197-D331-4DB7-B74D-5A62C4AB2626}.Release|Any CPU.Build.0 = Release|Any CPU
	EndGlobalSection
	GlobalSection(SolutionProperties) = preSolution
		HideSolutionNode = FALSE
	EndGlobalSection
	GlobalSection(ExtensibilityGlobals) = postSolution
		SolutionGuid = {4745FE63-EEC4-423A-ADEB-9855F5A1ECBC}
	EndGlobalSection
EndGlobal
